{
  "name": "social_book",
  "lockfileVersion": 3,
  "requires": true,
  "packages": {
    "": {
      "dependencies": {
        "uikit": "^3.18.3"
      }
    },
    "node_modules/uikit": {
      "version": "3.18.3",
      "resolved": "https://registry.npmjs.org/uikit/-/uikit-3.18.3.tgz",
      "integrity": "sha512-Pym55s6Bok3Ph1OvA+Mi2o4+N+uj3LAJ+A9RYYvxzI2J1lnbsVupMSxgdS9FrNqY9JktuOyaz14PWCvRZSNEHw=="
    }
  }
}
